
Microsoft Visual Studio Solution File, Format Version 10.00
# Visual Studio 2008
Project("{54435603-DBB4-11D2-8724-00A0C9A8B90C}") = "GSBInstallerApplication", "Setup\Setup1.vdproj", "{16F23D15-E949-4ADE-9669-D3E2AFD2F548}"
EndProject
Project("{FAE04EC0-301F-11D3-BF4B-00C04F79EFBC}") = "GSBControlPanel", "GSBControlPanel\GSBControlPanel.csproj", "{2E2119CE-4271-4BA2-986D-BD50FBF2A20E}"
EndProject
Global
	GlobalSection(SolutionConfigurationPlatforms) = preSolution
		Debug|Any CPU = Debug|Any CPU
		Release|Any CPU = Release|Any CPU
	EndGlobalSection
	GlobalSection(ProjectConfigurationPlatforms) = postSolution
		{16F23D15-E949-4ADE-9669-D3E2AFD2F548}.Debug|Any CPU.ActiveCfg = Debug
		{16F23D15-E949-4ADE-9669-D3E2AFD2F548}.Debug|Any CPU.Build.0 = Debug
		{16F23D15-E949-4ADE-9669-D3E2AFD2F548}.Release|Any CPU.ActiveCfg = Release
		{16F23D15-E949-4ADE-9669-D3E2AFD2F548}.Release|Any CPU.Build.0 = Release
		{2E2119CE-4271-4BA2-986D-BD50FBF2A20E}.Debug|Any CPU.ActiveCfg = Debug|Any CPU
		{2E2119CE-4271-4BA2-986D-BD50FBF2A20E}.Debug|Any CPU.Build.0 = Debug|Any CPU
		{2E2119CE-4271-4BA2-986D-BD50FBF2A20E}.Release|Any CPU.ActiveCfg = Release|Any CPU
		{2E2119CE-4271-4BA2-986D-BD50FBF2A20E}.Release|Any CPU.Build.0 = Release|Any CPU
	EndGlobalSection
	GlobalSection(SolutionProperties) = preSolution
		HideSolutionNode = FALSE
	EndGlobalSection
	GlobalSection(RationalClearCase) = preSolution
		SourceControlProvider = RationalClearCase
	EndGlobalSection
EndGlobal
