
Microsoft Visual Studio Solution File, Format Version 10.00
# Visual Studio 2008
Project("{FAE04EC0-301F-11D3-BF4B-00C04F79EFBC}") = "ACLTestProject", "ACLTestProject\ACLTestProject.csproj", "{0A8C619C-770A-409F-8DA0-D62CF71844E8}"
EndProject
Project("{2150E333-8FDC-42A3-9474-1A3956D46DE8}") = "Solution Items", "Solution Items", "{3F96EA6E-64EE-49C5-B8C3-961F06B43BA5}"
	ProjectSection(SolutionItems) = preProject
		ACLWebSite.vsmdi = ACLWebSite.vsmdi
		LocalTestRun.testrunconfig = LocalTestRun.testrunconfig
	EndProjectSection
EndProject
Global
	GlobalSection(TestCaseManagementSettings) = postSolution
		CategoryFile = ACLWebSite.vsmdi
	EndGlobalSection
	GlobalSection(SolutionConfigurationPlatforms) = preSolution
		Debug|Any CPU = Debug|Any CPU
		Release|Any CPU = Release|Any CPU
	EndGlobalSection
	GlobalSection(ProjectConfigurationPlatforms) = postSolution
		{0A8C619C-770A-409F-8DA0-D62CF71844E8}.Debug|Any CPU.ActiveCfg = Debug|Any CPU
		{0A8C619C-770A-409F-8DA0-D62CF71844E8}.Debug|Any CPU.Build.0 = Debug|Any CPU
		{0A8C619C-770A-409F-8DA0-D62CF71844E8}.Release|Any CPU.ActiveCfg = Release|Any CPU
		{0A8C619C-770A-409F-8DA0-D62CF71844E8}.Release|Any CPU.Build.0 = Release|Any CPU
	EndGlobalSection
	GlobalSection(SolutionProperties) = preSolution
		HideSolutionNode = FALSE
	EndGlobalSection
EndGlobal
