
Microsoft Visual Studio Solution File, Format Version 10.00
# Visual Studio 2008
Project("{FAE04EC0-301F-11D3-BF4B-00C04F79EFBC}") = "CheckConnectivity", "CheckConnectivityApp\CheckConnectivity.csproj", "{953D8082-D796-4E96-8AD0-381B4CAB36D5}"
EndProject
Project("{54435603-DBB4-11D2-8724-00A0C9A8B90C}") = "GSPCustomWSInstallerApplication", "Setup\Setup1.vdproj", "{16F23D15-E949-4ADE-9669-D3E2AFD2F548}"
EndProject
Global
	GlobalSection(SolutionConfigurationPlatforms) = preSolution
		Debug|Any CPU = Debug|Any CPU
		Release|Any CPU = Release|Any CPU
	EndGlobalSection
	GlobalSection(ProjectConfigurationPlatforms) = postSolution
		{953D8082-D796-4E96-8AD0-381B4CAB36D5}.Debug|Any CPU.ActiveCfg = Debug|Any CPU
		{953D8082-D796-4E96-8AD0-381B4CAB36D5}.Debug|Any CPU.Build.0 = Debug|Any CPU
		{953D8082-D796-4E96-8AD0-381B4CAB36D5}.Release|Any CPU.ActiveCfg = Release|Any CPU
		{953D8082-D796-4E96-8AD0-381B4CAB36D5}.Release|Any CPU.Build.0 = Release|Any CPU
		{16F23D15-E949-4ADE-9669-D3E2AFD2F548}.Debug|Any CPU.ActiveCfg = Debug
		{16F23D15-E949-4ADE-9669-D3E2AFD2F548}.Debug|Any CPU.Build.0 = Debug
		{16F23D15-E949-4ADE-9669-D3E2AFD2F548}.Release|Any CPU.ActiveCfg = Release
		{16F23D15-E949-4ADE-9669-D3E2AFD2F548}.Release|Any CPU.Build.0 = Release
	EndGlobalSection
	GlobalSection(SolutionProperties) = preSolution
		HideSolutionNode = FALSE
	EndGlobalSection
EndGlobal
